// !$*UTF8*$!
{
	archiveVersion = 1;
	classes = {
	};
	objectVersion = 55;
	objects = {

/* Begin PBXBuildFile section */
		53C0DBF828AD94B200C08D95 /* AppDelegate.swift in Sources */ = {isa = PBXBuildFile; fileRef = 53C0DBF728AD94B200C08D95 /* AppDelegate.swift */; };
		53C0DBFA28AD94B200C08D95 /* SceneDelegate.swift in Sources */ = {isa = PBXBuildFile; fileRef = 53C0DBF928AD94B200C08D95 /* SceneDelegate.swift */; };
		53C0DBFC28AD94B200C08D95 /* ViewController.swift in Sources */ = {isa = PBXBuildFile; fileRef = 53C0DBFB28AD94B200C08D95 /* ViewController.swift */; };
		53C0DBFF28AD94B200C08D95 /* Main.storyboard in Resources */ = {isa = PBXBuildFile; fileRef = 53C0DBFD28AD94B200C08D95 /* Main.storyboard */; };
		53C0DC0128AD94B500C08D95 /* Assets.xcassets in Resources */ = {isa = PBXBuildFile; fileRef = 53C0DC0028AD94B500C08D95 /* Assets.xcassets */; };
		53C0DC0428AD94B500C08D95 /* LaunchScreen.storyboard in Resources */ = {isa = PBXBuildFile; fileRef = 53C0DC0228AD94B500C08D95 /* LaunchScreen.storyboard */; };
		53C0DC0F28AD94B500C08D95 /* IlkUygulamamTests.swift in Sources */ = {isa = PBXBuildFile; fileRef = 53C0DC0E28AD94B500C08D95 /* IlkUygulamamTests.swift */; };
		53C0DC1928AD94B500C08D95 /* IlkUygulamamUITests.swift in Sources */ = {isa = PBXBuildFile; fileRef = 53C0DC1828AD94B500C08D95 /* IlkUygulamamUITests.swift */; };
		53C0DC1B28AD94B500C08D95 /* IlkUygulamamUITestsLaunchTests.swift in Sources */ = {isa = PBXBuildFile; fileRef = 53C0DC1A28AD94B500C08D95 /* IlkUygulamamUITestsLaunchTests.swift */; };
/* End PBXBuildFile section */

/* Begin PBXContainerItemProxy section */
		53C0DC0B28AD94B500C08D95 /* PBXContainerItemProxy */ = {
			isa = PBXContainerItemProxy;
			containerPortal = 53C0DBEC28AD94B200C08D95 /* Project object */;
			proxyType = 1;
			remoteGlobalIDString = 53C0DBF328AD94B200C08D95;
			remoteInfo = IlkUygulamam;
		};
		53C0DC1528AD94B500C08D95 /* PBXContainerItemProxy */ = {
			isa = PBXContainerItemProxy;
			containerPortal = 53C0DBEC28AD94B200C08D95 /* Project object */;
			proxyType = 1;
			remoteGlobalIDString = 53C0DBF328AD94B200C08D95;
			remoteInfo = IlkUygulamam;
		};
/* End PBXContainerItemProxy section */

/* Begin PBXFileReference section */
		53C0DBF428AD94B200C08D95 /* IlkUygulamam.app */ = {isa = PBXFileReference; explicitFileType = wrapper.application; includeInIndex = 0; path = IlkUygulamam.app; sourceTree = BUILT_PRODUCTS_DIR; };
		53C0DBF728AD94B200C08D95 /* AppDelegate.swift */ = {isa = PBXFileReference; lastKnownFileType = sourcecode.swift; path = AppDelegate.swift; sourceTree = "<group>"; };
		53C0DBF928AD94B200C08D95 /* SceneDelegate.swift */ = {isa = PBXFileReference; lastKnownFileType = sourcecode.swift; path = SceneDelegate.swift; sourceTree = "<group>"; };
		53C0DBFB28AD94B200C08D95 /* ViewController.swift */ = {isa = PBXFileReference; lastKnownFileType = sourcecode.swift; path = ViewController.swift; sourceTree = "<group>"; };
		53C0DBFE28AD94B200C08D95 /* Base */ = {isa = PBXFileReference; lastKnownFileType = file.storyboard; name = Base; path = Base.lproj/Main.storyboard; sourceTree = "<group>"; };
		53C0DC0028AD94B500C08D95 /* Assets.xcassets */ = {isa = PBXFileReference; lastKnownFileType = folder.assetcatalog; path = Assets.xcassets; sourceTree = "<group>"; };
		53C0DC0328AD94B500C08D95 /* Base */ = {isa = PBXFileReference; lastKnownFileType = file.storyboard; name = Base; path = Base.lproj/LaunchScreen.storyboard; sourceTree = "<group>"; };
		53C0DC0528AD94B500C08D95 /* Info.plist */ = {isa = PBXFileReference; lastKnownFileType = text.plist.xml; path = Info.plist; sourceTree = "<group>"; };
		53C0DC0A28AD94B500C08D95 /* IlkUygulamamTests.xctest */ = {isa = PBXFileReference; explicitFileType = wrapper.cfbundle; includeInIndex = 0; path = IlkUygulamamTests.xctest; sourceTree = BUILT_PRODUCTS_DIR; };
		53C0DC0E28AD94B500C08D95 /* IlkUygulamamTests.swift */ = {isa = PBXFileReference; lastKnownFileType = sourcecode.swift; path = IlkUygulamamTests.swift; sourceTree = "<group>"; };
		53C0DC1428AD94B500C08D95 /* IlkUygulamamUITests.xctest */ = {isa = PBXFileReference; explicitFileType = wrapper.cfbundle; includeInIndex = 0; path = IlkUygulamamUITests.xctest; sourceTree = BUILT_PRODUCTS_DIR; };
		53C0DC1828AD94B500C08D95 /* IlkUygulamamUITests.swift */ = {isa = PBXFileReference; lastKnownFileType = sourcecode.swift; path = IlkUygulamamUITests.swift; sourceTree = "<group>"; };
		53C0DC1A28AD94B500C08D95 /* IlkUygulamamUITestsLaunchTests.swift */ = {isa = PBXFileReference; lastKnownFileType = sourcecode.swift; path = IlkUygulamamUITestsLaunchTests.swift; sourceTree = "<group>"; };
/* End PBXFileReference section */

/* Begin PBXFrameworksBuildPhase section */
		53C0DBF128AD94B200C08D95 /* Frameworks */ = {
			isa = PBXFrameworksBuildPhase;
			buildActionMask = 2147483647;
			files = (
			);
			runOnlyForDeploymentPostprocessing = 0;
		};
		53C0DC0728AD94B500C08D95 /* Frameworks */ = {
			isa = PBXFrameworksBuildPhase;
			buildActionMask = 2147483647;
			files = (
			);
			runOnlyForDeploymentPostprocessing = 0;
		};
		53C0DC1128AD94B500C08D95 /* Frameworks */ = {
			isa = PBXFrameworksBuildPhase;
			buildActionMask = 2147483647;
			files = (
			);
			runOnlyForDeploymentPostprocessing = 0;
		};
/* End PBXFrameworksBuildPhase section */

/* Begin PBXGroup section */
		53C0DBEB28AD94B200C08D95 = {
			isa = PBXGroup;
			children = (
				53C0DBF628AD94B200C08D95 /* IlkUygulamam */,
				53C0DC0D28AD94B500C08D95 /* IlkUygulamamTests */,
				53C0DC1728AD94B500C08D95 /* IlkUygulamamUITests */,
				53C0DBF528AD94B200C08D95 /* Products */,
			);
			sourceTree = "<group>";
		};
		53C0DBF528AD94B200C08D95 /* Products */ = {
			isa = PBXGroup;
			children = (
				53C0DBF428AD94B200C08D95 /* IlkUygulamam.app */,
				53C0DC0A28AD94B500C08D95 /* IlkUygulamamTests.xctest */,
				53C0DC1428AD94B500C08D95 /* IlkUygulamamUITests.xctest */,
			);
			name = Products;
			sourceTree = "<group>";
		};
		53C0DBF628AD94B200C08D95 /* IlkUygulamam */ = {
			isa = PBXGroup;
			children = (
				53C0DBF728AD94B200C08D95 /* AppDelegate.swift */,
				53C0DBF928AD94B200C08D95 /* SceneDelegate.swift */,
				53C0DBFB28AD94B200C08D95 /* ViewController.swift */,
				53C0DBFD28AD94B200C08D95 /* Main.storyboard */,
				53C0DC0028AD94B500C08D95 /* Assets.xcassets */,
				53C0DC0228AD94B500C08D95 /* LaunchScreen.storyboard */,
				53C0DC0528AD94B500C08D95 /* Info.plist */,
			);
			path = IlkUygulamam;
			sourceTree = "<group>";
		};
		53C0DC0D28AD94B500C08D95 /* IlkUygulamamTests */ = {
			isa = PBXGroup;
			children = (
				53C0DC0E28AD94B500C08D95 /* IlkUygulamamTests.swift */,
			);
			path = IlkUygulamamTests;
			sourceTree = "<group>";
		};
		53C0DC1728AD94B500C08D95 /* IlkUygulamamUITests */ = {
			isa = PBXGroup;
			children = (
				53C0DC1828AD94B500C08D95 /* IlkUygulamamUITests.swift */,
				53C0DC1A28AD94B500C08D95 /* IlkUygulamamUITestsLaunchTests.swift */,
			);
			path = IlkUygulamamUITests;
			sourceTree = "<group>";
		};
/* End PBXGroup section */

/* Begin PBXNativeTarget section */
		53C0DBF328AD94B200C08D95 /* IlkUygulamam */ = {
			isa = PBXNativeTarget;
			buildConfigurationList = 53C0DC1E28AD94B500C08D95 /* Build configuration list for PBXNativeTarget "IlkUygulamam" */;
			buildPhases = (
				53C0DBF028AD94B200C08D95 /* Sources */,
				53C0DBF128AD94B200C08D95 /* Frameworks */,
				53C0DBF228AD94B200C08D95 /* Resources */,
			);
			buildRules = (
			);
			dependencies = (
			);
			name = IlkUygulamam;
			productName = IlkUygulamam;
			productReference = 53C0DBF428AD94B200C08D95 /* IlkUygulamam.app */;
			productType = "com.apple.product-type.application";
		};
		53C0DC0928AD94B500C08D95 /* IlkUygulamamTests */ = {
			isa = PBXNativeTarget;
			buildConfigurationList = 53C0DC2128AD94B500C08D95 /* Build configuration list for PBXNativeTarget "IlkUygulamamTests" */;
			buildPhases = (
				53C0DC0628AD94B500C08D95 /* Sources */,
				53C0DC0728AD94B500C08D95 /* Frameworks */,
				53C0DC0828AD94B500C08D95 /* Resources */,
			);
			buildRules = (
			);
			dependencies = (
				53C0DC0C28AD94B500C08D95 /* PBXTargetDependency */,
			);
			name = IlkUygulamamTests;
			productName = IlkUygulamamTests;
			productReference = 53C0DC0A28AD94B500C08D95 /* IlkUygulamamTests.xctest */;
			productType = "com.apple.product-type.bundle.unit-test";
		};
		53C0DC1328AD94B500C08D95 /* IlkUygulamamUITests */ = {
			isa = PBXNativeTarget;
			buildConfigurationList = 53C0DC2428AD94B500C08D95 /* Build configuration list for PBXNativeTarget "IlkUygulamamUITests" */;
			buildPhases = (
				53C0DC1028AD94B500C08D95 /* Sources */,
				53C0DC1128AD94B500C08D95 /* Frameworks */,
				53C0DC1228AD94B500C08D95 /* Resources */,
			);
			buildRules = (
			);
			dependencies = (
				53C0DC1628AD94B500C08D95 /* PBXTargetDependency */,
			);
			name = IlkUygulamamUITests;
			productName = IlkUygulamamUITests;
			productReference = 53C0DC1428AD94B500C08D95 /* IlkUygulamamUITests.xctest */;
			productType = "com.apple.product-type.bundle.ui-testing";
		};
/* End PBXNativeTarget section */

/* Begin PBXProject section */
		53C0DBEC28AD94B200C08D95 /* Project object */ = {
			isa = PBXProject;
			attributes = {
				BuildIndependentTargetsInParallel = 1;
				LastSwiftUpdateCheck = 1340;
				LastUpgradeCheck = 1340;
				TargetAttributes = {
					53C0DBF328AD94B200C08D95 = {
						CreatedOnToolsVersion = 13.4.1;
					};
					53C0DC0928AD94B500C08D95 = {
						CreatedOnToolsVersion = 13.4.1;
						TestTargetID = 53C0DBF328AD94B200C08D95;
					};
					53C0DC1328AD94B500C08D95 = {
						CreatedOnToolsVersion = 13.4.1;
						TestTargetID = 53C0DBF328AD94B200C08D95;
					};
				};
			};
			buildConfigurationList = 53C0DBEF28AD94B200C08D95 /* Build configuration list for PBXProject "IlkUygulamam" */;
			compatibilityVersion = "Xcode 13.0";
			developmentRegion = en;
			hasScannedForEncodings = 0;
			knownRegions = (
				en,
				Base,
			);
			mainGroup = 53C0DBEB28AD94B200C08D95;
			productRefGroup = 53C0DBF528AD94B200C08D95 /* Products */;
			projectDirPath = "";
			projectRoot = "";
			targets = (
				53C0DBF328AD94B200C08D95 /* IlkUygulamam */,
				53C0DC0928AD94B500C08D95 /* IlkUygulamamTests */,
				53C0DC1328AD94B500C08D95 /* IlkUygulamamUITests */,
			);
		};
/* End PBXProject section */

/* Begin PBXResourcesBuildPhase section */
		53C0DBF228AD94B200C08D95 /* Resources */ = {
			isa = PBXResourcesBuildPhase;
			buildActionMask = 2147483647;
			files = (
				53C0DC0428AD94B500C08D95 /* LaunchScreen.storyboard in Resources */,
				53C0DC0128AD94B500C08D95 /* Assets.xcassets in Resources */,
				53C0DBFF28AD94B200C08D95 /* Main.storyboard in Resources */,
			);
			runOnlyForDeploymentPostprocessing = 0;
		};
		53C0DC0828AD94B500C08D95 /* Resources */ = {
			isa = PBXResourcesBuildPhase;
			buildActionMask = 2147483647;
			files = (
			);
			runOnlyForDeploymentPostprocessing = 0;
		};
		53C0DC1228AD94B500C08D95 /* Resources */ = {
			isa = PBXResourcesBuildPhase;
			buildActionMask = 2147483647;
			files = (
			);
			runOnlyForDeploymentPostprocessing = 0;
		};
/* End PBXResourcesBuildPhase section */

/* Begin PBXSourcesBuildPhase section */
		53C0DBF028AD94B200C08D95 /* Sources */ = {
			isa = PBXSourcesBuildPhase;
			buildActionMask = 2147483647;
			files = (
				53C0DBFC28AD94B200C08D95 /* ViewController.swift in Sources */,
				53C0DBF828AD94B200C08D95 /* AppDelegate.swift in Sources */,
				53C0DBFA28AD94B200C08D95 /* SceneDelegate.swift in Sources */,
			);
			runOnlyForDeploymentPostprocessing = 0;
		};
		53C0DC0628AD94B500C08D95 /* Sources */ = {
			isa = PBXSourcesBuildPhase;
			buildActionMask = 2147483647;
			files = (
				53C0DC0F28AD94B500C08D95 /* IlkUygulamamTests.swift in Sources */,
			);
			runOnlyForDeploymentPostprocessing = 0;
		};
		53C0DC1028AD94B500C08D95 /* Sources */ = {
			isa = PBXSourcesBuildPhase;
			buildActionMask = 2147483647;
			files = (
				53C0DC1B28AD94B500C08D95 /* IlkUygulamamUITestsLaunchTests.swift in Sources */,
				53C0DC1928AD94B500C08D95 /* IlkUygulamamUITests.swift in Sources */,
			);
			runOnlyForDeploymentPostprocessing = 0;
		};
/* End PBXSourcesBuildPhase section */

/* Begin PBXTargetDependency section */
		53C0DC0C28AD94B500C08D95 /* PBXTargetDependency */ = {
			isa = PBXTargetDependency;
			target = 53C0DBF328AD94B200C08D95 /* IlkUygulamam */;
			targetProxy = 53C0DC0B28AD94B500C08D95 /* PBXContainerItemProxy */;
		};
		53C0DC1628AD94B500C08D95 /* PBXTargetDependency */ = {
			isa = PBXTargetDependency;
			target = 53C0DBF328AD94B200C08D95 /* IlkUygulamam */;
			targetProxy = 53C0DC1528AD94B500C08D95 /* PBXContainerItemProxy */;
		};
/* End PBXTargetDependency section */

/* Begin PBXVariantGroup section */
		53C0DBFD28AD94B200C08D95 /* Main.storyboard */ = {
			isa = PBXVariantGroup;
			children = (
				53C0DBFE28AD94B200C08D95 /* Base */,
			);
			name = Main.storyboard;
			sourceTree = "<group>";
		};
		53C0DC0228AD94B500C08D95 /* LaunchScreen.storyboard */ = {
			isa = PBXVariantGroup;
			children = (
				53C0DC0328AD94B500C08D95 /* Base */,
			);
			name = LaunchScreen.storyboard;
			sourceTree = "<group>";
		};
/* End PBXVariantGroup section */

/* Begin XCBuildConfiguration section */
		53C0DC1C28AD94B500C08D95 /* Debug */ = {
			isa = XCBuildConfiguration;
			buildSettings = {
				ALWAYS_SEARCH_USER_PATHS = NO;
				CLANG_ANALYZER_NONNULL = YES;
				CLANG_ANALYZER_NUMBER_OBJECT_CONVERSION = YES_AGGRESSIVE;
				CLANG_CXX_LANGUAGE_STANDARD = "gnu++17";
				CLANG_ENABLE_MODULES = YES;
				CLANG_ENABLE_OBJC_ARC = YES;
				CLANG_ENABLE_OBJC_WEAK = YES;
				CLANG_WARN_BLOCK_CAPTURE_AUTORELEASING = YES;
				CLANG_WARN_BOOL_CONVERSION = YES;
				CLANG_WARN_COMMA = YES;
				CLANG_WARN_CONSTANT_CONVERSION = YES;
				CLANG_WARN_DEPRECATED_OBJC_IMPLEMENTATIONS = YES;
				CLANG_WARN_DIRECT_OBJC_ISA_USAGE = YES_ERROR;
				CLANG_WARN_DOCUMENTATION_COMMENTS = YES;
				CLANG_WARN_EMPTY_BODY = YES;
				CLANG_WARN_ENUM_CONVERSION = YES;
				CLANG_WARN_INFINITE_RECURSION = YES;
				CLANG_WARN_INT_CONVERSION = YES;
				CLANG_WARN_NON_LITERAL_NULL_CONVERSION = YES;
				CLANG_WARN_OBJC_IMPLICIT_RETAIN_SELF = YES;
				CLANG_WARN_OBJC_LITERAL_CONVERSION = YES;
				CLANG_WARN_OBJC_ROOT_CLASS = YES_ERROR;
				CLANG_WARN_QUOTED_INCLUDE_IN_FRAMEWORK_HEADER = YES;
				CLANG_WARN_RANGE_LOOP_ANALYSIS = YES;
				CLANG_WARN_STRICT_PROTOTYPES = YES;
				CLANG_WARN_SUSPICIOUS_MOVE = YES;
				CLANG_WARN_UNGUARDED_AVAILABILITY = YES_AGGRESSIVE;
				CLANG_WARN_UNREACHABLE_CODE = YES;
				CLANG_WARN__DUPLICATE_METHOD_MATCH = YES;
				COPY_PHASE_STRIP = NO;
				DEBUG_INFORMATION_FORMAT = dwarf;
				ENABLE_STRICT_OBJC_MSGSEND = YES;
				ENABLE_TESTABILITY = YES;
				GCC_C_LANGUAGE_STANDARD = gnu11;
				GCC_DYNAMIC_NO_PIC = NO;
				GCC_NO_COMMON_BLOCKS = YES;
				GCC_OPTIMIZATION_LEVEL = 0;
				GCC_PREPROCESSOR_DEFINITIONS = (
					"DEBUG=1",
					"$(inherited)",
				);
				GCC_WARN_64_TO_32_BIT_CONVERSION = YES;
				GCC_WARN_ABOUT_RETURN_TYPE = YES_ERROR;
				GCC_WARN_UNDECLARED_SELECTOR = YES;
				GCC_WARN_UNINITIALIZED_AUTOS = YES_AGGRESSIVE;
				GCC_WARN_UNUSED_FUNCTION = YES;
				GCC_WARN_UNUSED_VARIABLE = YES;
				IPHONEOS_DEPLOYMENT_TARGET = 15.5;
				MTL_ENABLE_DEBUG_INFO = INCLUDE_SOURCE;
				MTL_FAST_MATH = YES;
				ONLY_ACTIVE_ARCH = YES;
				SDKROOT = iphoneos;
				SWIFT_ACTIVE_COMPILATION_CONDITIONS = DEBUG;
				SWIFT_OPTIMIZATION_LEVEL = "-Onone";
			};
			name = Debug;
		};
		53C0DC1D28AD94B500C08D95 /* Release */ = {
			isa = XCBuildConfiguration;
			buildSettings = {
				ALWAYS_SEARCH_USER_PATHS = NO;
				CLANG_ANALYZER_NONNULL = YES;
				CLANG_ANALYZER_NUMBER_OBJECT_CONVERSION = YES_AGGRESSIVE;
				CLANG_CXX_LANGUAGE_STANDARD = "gnu++17";
				CLANG_ENABLE_MODULES = YES;
				CLANG_ENABLE_OBJC_ARC = YES;
				CLANG_ENABLE_OBJC_WEAK = YES;
				CLANG_WARN_BLOCK_CAPTURE_AUTORELEASING = YES;
				CLANG_WARN_BOOL_CONVERSION = YES;
				CLANG_WARN_COMMA = YES;
				CLANG_WARN_CONSTANT_CONVERSION = YES;
				CLANG_WARN_DEPRECATED_OBJC_IMPLEMENTATIONS = YES;
				CLANG_WARN_DIRECT_OBJC_ISA_USAGE = YES_ERROR;
				CLANG_WARN_DOCUMENTATION_COMMENTS = YES;
				CLANG_WARN_EMPTY_BODY = YES;
				CLANG_WARN_ENUM_CONVERSION = YES;
				CLANG_WARN_INFINITE_RECURSION = YES;
				CLANG_WARN_INT_CONVERSION = YES;
				CLANG_WARN_NON_LITERAL_NULL_CONVERSION = YES;
				CLANG_WARN_OBJC_IMPLICIT_RETAIN_SELF = YES;
				CLANG_WARN_OBJC_LITERAL_CONVERSION = YES;
				CLANG_WARN_OBJC_ROOT_CLASS = YES_ERROR;
				CLANG_WARN_QUOTED_INCLUDE_IN_FRAMEWORK_HEADER = YES;
				CLANG_WARN_RANGE_LOOP_ANALYSIS = YES;
				CLANG_WARN_STRICT_PROTOTYPES = YES;
				CLANG_WARN_SUSPICIOUS_MOVE = YES;
				CLANG_WARN_UNGUARDED_AVAILABILITY = YES_AGGRESSIVE;
				CLANG_WARN_UNREACHABLE_CODE = YES;
				CLANG_WARN__DUPLICATE_METHOD_MATCH = YES;
				COPY_PHASE_STRIP = NO;
				DEBUG_INFORMATION_FORMAT = "dwarf-with-dsym";
				ENABLE_NS_ASSERTIONS = NO;
				ENABLE_STRICT_OBJC_MSGSEND = YES;
				GCC_C_LANGUAGE_STANDARD = gnu11;
				GCC_NO_COMMON_BLOCKS = YES;
				GCC_WARN_64_TO_32_BIT_CONVERSION = YES;
				GCC_WARN_ABOUT_RETURN_TYPE = YES_ERROR;
				GCC_WARN_UNDECLARED_SELECTOR = YES;
				GCC_WARN_UNINITIALIZED_AUTOS = YES_AGGRESSIVE;
				GCC_WARN_UNUSED_FUNCTION = YES;
				GCC_WARN_UNUSED_VARIABLE = YES;
				IPHONEOS_DEPLOYMENT_TARGET = 15.5;
				MTL_ENABLE_DEBUG_INFO = NO;
				MTL_FAST_MATH = YES;
				SDKROOT = iphoneos;
				SWIFT_COMPILATION_MODE = wholemodule;
				SWIFT_OPTIMIZATION_LEVEL = "-O";
				VALIDATE_PRODUCT = YES;
			};
			name = Release;
		};
		53C0DC1F28AD94B500C08D95 /* Debug */ = {
			isa = XCBuildConfiguration;
			buildSettings = {
				ASSETCATALOG_COMPILER_APPICON_NAME = AppIcon;
				ASSETCATALOG_COMPILER_GLOBAL_ACCENT_COLOR_NAME = AccentColor;
				CODE_SIGN_STYLE = Automatic;
				CURRENT_PROJECT_VERSION = 1;
				DEVELOPMENT_TEAM = CX96D33NW5;
				GENERATE_INFOPLIST_FILE = YES;
				INFOPLIST_FILE = IlkUygulamam/Info.plist;
				INFOPLIST_KEY_UIApplicationSupportsIndirectInputEvents = YES;
				INFOPLIST_KEY_UILaunchStoryboardName = LaunchScreen;
				INFOPLIST_KEY_UIMainStoryboardFile = Main;
				INFOPLIST_KEY_UISupportedInterfaceOrientations_iPad = "UIInterfaceOrientationPortrait UIInterfaceOrientationPortraitUpsideDown UIInterfaceOrientationLandscapeLeft UIInterfaceOrientationLandscapeRight";
				INFOPLIST_KEY_UISupportedInterfaceOrientations_iPhone = "UIInterfaceOrientationPortrait UIInterfaceOrientationLandscapeLeft UIInterfaceOrientationLandscapeRight";
				LD_RUNPATH_SEARCH_PATHS = (
					"$(inherited)",
					"@executable_path/Frameworks",
				);
				MARKETING_VERSION = 1.0;
				PRODUCT_BUNDLE_IDENTIFIER = com.huseyinhobek.IlkUygulamam;
				PRODUCT_NAME = "$(TARGET_NAME)";
				SWIFT_EMIT_LOC_STRINGS = YES;
				SWIFT_VERSION = 5.0;
				TARGETED_DEVICE_FAMILY = "1,2";
			};
			name = Debug;
		};
		53C0DC2028AD94B500C08D95 /* Release */ = {
			isa = XCBuildConfiguration;
			buildSettings = {
				ASSETCATALOG_COMPILER_APPICON_NAME = AppIcon;
				ASSETCATALOG_COMPILER_GLOBAL_ACCENT_COLOR_NAME = AccentColor;
				CODE_SIGN_STYLE = Automatic;
				CURRENT_PROJECT_VERSION = 1;
				DEVELOPMENT_TEAM = CX96D33NW5;
				GENERATE_INFOPLIST_FILE = YES;
				INFOPLIST_FILE = IlkUygulamam/Info.plist;
				INFOPLIST_KEY_UIApplicationSupportsIndirectInputEvents = YES;
				INFOPLIST_KEY_UILaunchStoryboardName = LaunchScreen;
				INFOPLIST_KEY_UIMainStoryboardFile = Main;
				INFOPLIST_KEY_UISupportedInterfaceOrientations_iPad = "UIInterfaceOrientationPortrait UIInterfaceOrientationPortraitUpsideDown UIInterfaceOrientationLandscapeLeft UIInterfaceOrientationLandscapeRight";
				INFOPLIST_KEY_UISupportedInterfaceOrientations_iPhone = "UIInterfaceOrientationPortrait UIInterfaceOrientationLandscapeLeft UIInterfaceOrientationLandscapeRight";
				LD_RUNPATH_SEARCH_PATHS = (
					"$(inherited)",
					"@executable_path/Frameworks",
				);
				MARKETING_VERSION = 1.0;
				PRODUCT_BUNDLE_IDENTIFIER = com.huseyinhobek.IlkUygulamam;
				PRODUCT_NAME = "$(TARGET_NAME)";
				SWIFT_EMIT_LOC_STRINGS = YES;
				SWIFT_VERSION = 5.0;
				TARGETED_DEVICE_FAMILY = "1,2";
			};
			name = Release;
		};
		53C0DC2228AD94B500C08D95 /* Debug */ = {
			isa = XCBuildConfiguration;
			buildSettings = {
				ALWAYS_EMBED_SWIFT_STANDARD_LIBRARIES = YES;
				BUNDLE_LOADER = "$(TEST_HOST)";
				CODE_SIGN_STYLE = Automatic;
				CURRENT_PROJECT_VERSION = 1;
				DEVELOPMENT_TEAM = CX96D33NW5;
				GENERATE_INFOPLIST_FILE = YES;
				IPHONEOS_DEPLOYMENT_TARGET = 15.5;
				MARKETING_VERSION = 1.0;
				PRODUCT_BUNDLE_IDENTIFIER = com.huseyinhobek.IlkUygulamamTests;
				PRODUCT_NAME = "$(TARGET_NAME)";
				SWIFT_EMIT_LOC_STRINGS = NO;
				SWIFT_VERSION = 5.0;
				TARGETED_DEVICE_FAMILY = "1,2";
				TEST_HOST = "$(BUILT_PRODUCTS_DIR)/IlkUygulamam.app/IlkUygulamam";
			};
			name = Debug;
		};
		53C0DC2328AD94B500C08D95 /* Release */ = {
			isa = XCBuildConfiguration;
			buildSettings = {
				ALWAYS_EMBED_SWIFT_STANDARD_LIBRARIES = YES;
				BUNDLE_LOADER = "$(TEST_HOST)";
				CODE_SIGN_STYLE = Automatic;
				CURRENT_PROJECT_VERSION = 1;
				DEVELOPMENT_TEAM = CX96D33NW5;
				GENERATE_INFOPLIST_FILE = YES;
				IPHONEOS_DEPLOYMENT_TARGET = 15.5;
				MARKETING_VERSION = 1.0;
				PRODUCT_BUNDLE_IDENTIFIER = com.huseyinhobek.IlkUygulamamTests;
				PRODUCT_NAME = "$(TARGET_NAME)";
				SWIFT_EMIT_LOC_STRINGS = NO;
				SWIFT_VERSION = 5.0;
				TARGETED_DEVICE_FAMILY = "1,2";
				TEST_HOST = "$(BUILT_PRODUCTS_DIR)/IlkUygulamam.app/IlkUygulamam";
			};
			name = Release;
		};
		53C0DC2528AD94B500C08D95 /* Debug */ = {
			isa = XCBuildConfiguration;
			buildSettings = {
				ALWAYS_EMBED_SWIFT_STANDARD_LIBRARIES = YES;
				CODE_SIGN_STYLE = Automatic;
				CURRENT_PROJECT_VERSION = 1;
				DEVELOPMENT_TEAM = CX96D33NW5;
				GENERATE_INFOPLIST_FILE = YES;
				MARKETING_VERSION = 1.0;
				PRODUCT_BUNDLE_IDENTIFIER = com.huseyinhobek.IlkUygulamamUITests;
				PRODUCT_NAME = "$(TARGET_NAME)";
				SWIFT_EMIT_LOC_STRINGS = NO;
				SWIFT_VERSION = 5.0;
				TARGETED_DEVICE_FAMILY = "1,2";
				TEST_TARGET_NAME = IlkUygulamam;
			};
			name = Debug;
		};
		53C0DC2628AD94B500C08D95 /* Release */ = {
			isa = XCBuildConfiguration;
			buildSettings = {
				ALWAYS_EMBED_SWIFT_STANDARD_LIBRARIES = YES;
				CODE_SIGN_STYLE = Automatic;
				CURRENT_PROJECT_VERSION = 1;
				DEVELOPMENT_TEAM = CX96D33NW5;
				GENERATE_INFOPLIST_FILE = YES;
				MARKETING_VERSION = 1.0;
				PRODUCT_BUNDLE_IDENTIFIER = com.huseyinhobek.IlkUygulamamUITests;
				PRODUCT_NAME = "$(TARGET_NAME)";
				SWIFT_EMIT_LOC_STRINGS = NO;
				SWIFT_VERSION = 5.0;
				TARGETED_DEVICE_FAMILY = "1,2";
				TEST_TARGET_NAME = IlkUygulamam;
			};
			name = Release;
		};
/* End XCBuildConfiguration section */

/* Begin XCConfigurationList section */
		53C0DBEF28AD94B200C08D95 /* Build configuration list for PBXProject "IlkUygulamam" */ = {
			isa = XCConfigurationList;
			buildConfigurations = (
				53C0DC1C28AD94B500C08D95 /* Debug */,
				53C0DC1D28AD94B500C08D95 /* Release */,
			);
			defaultConfigurationIsVisible = 0;
			defaultConfigurationName = Release;
		};
		53C0DC1E28AD94B500C08D95 /* Build configuration list for PBXNativeTarget "IlkUygulamam" */ = {
			isa = XCConfigurationList;
			buildConfigurations = (
				53C0DC1F28AD94B500C08D95 /* Debug */,
				53C0DC2028AD94B500C08D95 /* Release */,
			);
			defaultConfigurationIsVisible = 0;
			defaultConfigurationName = Release;
		};
		53C0DC2128AD94B500C08D95 /* Build configuration list for PBXNativeTarget "IlkUygulamamTests" */ = {
			isa = XCConfigurationList;
			buildConfigurations = (
				53C0DC2228AD94B500C08D95 /* Debug */,
				53C0DC2328AD94B500C08D95 /* Release */,
			);
			defaultConfigurationIsVisible = 0;
			defaultConfigurationName = Release;
		};
		53C0DC2428AD94B500C08D95 /* Build configuration list for PBXNativeTarget "IlkUygulamamUITests" */ = {
			isa = XCConfigurationList;
			buildConfigurations = (
				53C0DC2528AD94B500C08D95 /* Debug */,
				53C0DC2628AD94B500C08D95 /* Release */,
			);
			defaultConfigurationIsVisible = 0;
			defaultConfigurationName = Release;
		};
/* End XCConfigurationList section */
	};
	rootObject = 53C0DBEC28AD94B200C08D95 /* Project object */;
}
